
Microsoft Visual Studio Solution File, Format Version 12.00
# Visual Studio Version 17
VisualStudioVersion = 17.0.32112.339
MinimumVisualStudioVersion = 10.0.40219.1
Project("{FAE04EC0-301F-11D3-BF4B-00C04F79EFBC}") = "ConfigLab", "ConfigLab\ConfigLab.csproj", "{4FEA5F91-639A-48E2-95EB-C4B2931DCFE5}"
EndProject
Global
	GlobalSection(SolutionConfigurationPlatforms) = preSolution
		Debug|Any CPU = Debug|Any CPU
		Release|Any CPU = Release|Any CPU
	EndGlobalSection
	GlobalSection(ProjectConfigurationPlatforms) = postSolution
		{4FEA5F91-639A-48E2-95EB-C4B2931DCFE5}.Debug|Any CPU.ActiveCfg = Debug|Any CPU
		{4FEA5F91-639A-48E2-95EB-C4B2931DCFE5}.Debug|Any CPU.Build.0 = Debug|Any CPU
		{4FEA5F91-639A-48E2-95EB-C4B2931DCFE5}.Release|Any CPU.ActiveCfg = Release|Any CPU
		{4FEA5F91-639A-48E2-95EB-C4B2931DCFE5}.Release|Any CPU.Build.0 = Release|Any CPU
	EndGlobalSection
	GlobalSection(SolutionProperties) = preSolution
		HideSolutionNode = FALSE
	EndGlobalSection
	GlobalSection(ExtensibilityGlobals) = postSolution
		SolutionGuid = {192CB91C-F465-4052-A691-C79794357751}
	EndGlobalSection
EndGlobal
