
Microsoft Visual Studio Solution File, Format Version 12.00
# Visual Studio Version 17
VisualStudioVersion = 17.4.32804.182
MinimumVisualStudioVersion = 10.0.40219.1
Project("{9A19103F-16F7-4668-BE54-9A1E7A4F7556}") = "ASPCorePipeline", "ASPCorePipeline\ASPCorePipeline.csproj", "{53B805BB-244F-43C9-9ACF-60430E2F3677}"
EndProject
Project("{9A19103F-16F7-4668-BE54-9A1E7A4F7556}") = "SecureHeaders", "SecureHeaders\SecureHeaders.csproj", "{8367F721-FAB1-4A20-A49E-50FF8B36B134}"
EndProject
Project("{9A19103F-16F7-4668-BE54-9A1E7A4F7556}") = "SecureHeaders.Tests", "SecureHeaders.Tests\SecureHeaders.Tests.csproj", "{9E501C42-A38C-48D6-9538-5809FD1FBF79}"
EndProject
Project("{FAE04EC0-301F-11D3-BF4B-00C04F79EFBC}") = "FilterLab", "..\FilterLab\FilterLab.csproj", "{F7B42E33-44DC-4C3E-8FF3-01786C674162}"
EndProject
Project("{9A19103F-16F7-4668-BE54-9A1E7A4F7556}") = "ASPNET6.ScriptMarker", "..\ASPNET6.ScriptMarker\ASPNET6.ScriptMarker\ASPNET6.ScriptMarker.csproj", "{73756220-FDD0-4178-987A-D975E0C8D48B}"
EndProject
Project("{9A19103F-16F7-4668-BE54-9A1E7A4F7556}") = "WhatIsNewInMVC", "..\WhatIsNewInMVC\WhatIsNewInMVC\WhatIsNewInMVC.csproj", "{7C0BDFA1-4BF0-41FE-9E35-791A289E0356}"
EndProject
Global
	GlobalSection(SolutionConfigurationPlatforms) = preSolution
		Debug|Any CPU = Debug|Any CPU
		Release|Any CPU = Release|Any CPU
	EndGlobalSection
	GlobalSection(ProjectConfigurationPlatforms) = postSolution
		{53B805BB-244F-43C9-9ACF-60430E2F3677}.Debug|Any CPU.ActiveCfg = Debug|Any CPU
		{53B805BB-244F-43C9-9ACF-60430E2F3677}.Debug|Any CPU.Build.0 = Debug|Any CPU
		{53B805BB-244F-43C9-9ACF-60430E2F3677}.Release|Any CPU.ActiveCfg = Release|Any CPU
		{53B805BB-244F-43C9-9ACF-60430E2F3677}.Release|Any CPU.Build.0 = Release|Any CPU
		{8367F721-FAB1-4A20-A49E-50FF8B36B134}.Debug|Any CPU.ActiveCfg = Debug|Any CPU
		{8367F721-FAB1-4A20-A49E-50FF8B36B134}.Debug|Any CPU.Build.0 = Debug|Any CPU
		{8367F721-FAB1-4A20-A49E-50FF8B36B134}.Release|Any CPU.ActiveCfg = Release|Any CPU
		{8367F721-FAB1-4A20-A49E-50FF8B36B134}.Release|Any CPU.Build.0 = Release|Any CPU
		{9E501C42-A38C-48D6-9538-5809FD1FBF79}.Debug|Any CPU.ActiveCfg = Debug|Any CPU
		{9E501C42-A38C-48D6-9538-5809FD1FBF79}.Debug|Any CPU.Build.0 = Debug|Any CPU
		{9E501C42-A38C-48D6-9538-5809FD1FBF79}.Release|Any CPU.ActiveCfg = Release|Any CPU
		{9E501C42-A38C-48D6-9538-5809FD1FBF79}.Release|Any CPU.Build.0 = Release|Any CPU
		{F7B42E33-44DC-4C3E-8FF3-01786C674162}.Debug|Any CPU.ActiveCfg = Debug|Any CPU
		{F7B42E33-44DC-4C3E-8FF3-01786C674162}.Debug|Any CPU.Build.0 = Debug|Any CPU
		{F7B42E33-44DC-4C3E-8FF3-01786C674162}.Release|Any CPU.ActiveCfg = Release|Any CPU
		{F7B42E33-44DC-4C3E-8FF3-01786C674162}.Release|Any CPU.Build.0 = Release|Any CPU
		{73756220-FDD0-4178-987A-D975E0C8D48B}.Debug|Any CPU.ActiveCfg = Debug|Any CPU
		{73756220-FDD0-4178-987A-D975E0C8D48B}.Debug|Any CPU.Build.0 = Debug|Any CPU
		{73756220-FDD0-4178-987A-D975E0C8D48B}.Release|Any CPU.ActiveCfg = Release|Any CPU
		{73756220-FDD0-4178-987A-D975E0C8D48B}.Release|Any CPU.Build.0 = Release|Any CPU
		{7C0BDFA1-4BF0-41FE-9E35-791A289E0356}.Debug|Any CPU.ActiveCfg = Debug|Any CPU
		{7C0BDFA1-4BF0-41FE-9E35-791A289E0356}.Debug|Any CPU.Build.0 = Debug|Any CPU
		{7C0BDFA1-4BF0-41FE-9E35-791A289E0356}.Release|Any CPU.ActiveCfg = Release|Any CPU
		{7C0BDFA1-4BF0-41FE-9E35-791A289E0356}.Release|Any CPU.Build.0 = Release|Any CPU
	EndGlobalSection
	GlobalSection(SolutionProperties) = preSolution
		HideSolutionNode = FALSE
	EndGlobalSection
	GlobalSection(ExtensibilityGlobals) = postSolution
		SolutionGuid = {7D059648-3AC0-4E3D-B015-796BE0326392}
	EndGlobalSection
EndGlobal
